{
  "name": "yasiralamriki.github.io",
  "version": "1.0.0",
  "lockfileVersion": 3,
  "requires": true,
  "packages": {
    "": {
      "name": "yasiralamriki.github.io",
      "version": "1.0.0",
      "license": "ISC",
      "dependencies": {
        "@quranjs/api": "^1.7.1"
      }
    },
    "node_modules/@quranjs/api": {
      "version": "1.7.1",
      "resolved": "https://registry.npmjs.org/@quranjs/api/-/api-1.7.1.tgz",
      "integrity": "sha512-nA5v/ZBVCG8D0YDrjM5VXHQv30LCZVuooo/Md9mw9tkVFhiUIrlJ6H7BlnEj5gYkb/z2whwL4Gs4RGR6wWwvOg==",
      "license": "MIT",
      "dependencies": {
        "humps": "^2.0.1"
      },
      "engines": {
        "node": ">=12"
      }
    },
    "node_modules/humps": {
      "version": "2.0.1",
      "resolved": "https://registry.npmjs.org/humps/-/humps-2.0.1.tgz",
      "integrity": "sha512-E0eIbrFWUhwfXJmsbdjRQFQPrl5pTEoKlz163j1mTqqUnU9PgR4AgB8AIITzuB3vLBdxZXyZ9TDIrwB2OASz4g==",
      "license": "MIT"
    }
  }
}
